
Microsoft Visual Studio Solution File, Format Version 12.00
# Visual Studio Version 17
VisualStudioVersion = 17.6.33712.159
MinimumVisualStudioVersion = 10.0.40219.1
Project("{54A90642-561A-4BB1-A94E-469ADEE60C69}") = "angularapp", "angularapp\angularapp.esproj", "{2919784A-9204-4608-A312-E5B940208861}"
EndProject
Project("{9A19103F-16F7-4668-BE54-9A1E7A4F7556}") = "webapi", "webapi\webapi.csproj", "{BD43F1C1-F415-4DDB-950C-1936DF495B99}"
EndProject
Global
	GlobalSection(SolutionConfigurationPlatforms) = preSolution
		Debug|Any CPU = Debug|Any CPU
		Release|Any CPU = Release|Any CPU
	EndGlobalSection
	GlobalSection(ProjectConfigurationPlatforms) = postSolution
		{2919784A-9204-4608-A312-E5B940208861}.Debug|Any CPU.ActiveCfg = Debug|Any CPU
		{2919784A-9204-4608-A312-E5B940208861}.Debug|Any CPU.Build.0 = Debug|Any CPU
		{2919784A-9204-4608-A312-E5B940208861}.Debug|Any CPU.Deploy.0 = Debug|Any CPU
		{2919784A-9204-4608-A312-E5B940208861}.Release|Any CPU.ActiveCfg = Release|Any CPU
		{2919784A-9204-4608-A312-E5B940208861}.Release|Any CPU.Build.0 = Release|Any CPU
		{2919784A-9204-4608-A312-E5B940208861}.Release|Any CPU.Deploy.0 = Release|Any CPU
		{BD43F1C1-F415-4DDB-950C-1936DF495B99}.Debug|Any CPU.ActiveCfg = Debug|Any CPU
		{BD43F1C1-F415-4DDB-950C-1936DF495B99}.Debug|Any CPU.Build.0 = Debug|Any CPU
		{BD43F1C1-F415-4DDB-950C-1936DF495B99}.Release|Any CPU.ActiveCfg = Release|Any CPU
		{BD43F1C1-F415-4DDB-950C-1936DF495B99}.Release|Any CPU.Build.0 = Release|Any CPU
	EndGlobalSection
	GlobalSection(SolutionProperties) = preSolution
		HideSolutionNode = FALSE
	EndGlobalSection
	GlobalSection(ExtensibilityGlobals) = postSolution
		SolutionGuid = {FEE0B736-E6CB-4057-A9B6-526A29F41CD0}
	EndGlobalSection
EndGlobal
